
Microsoft Visual Studio Solution File, Format Version 12.00
# Visual Studio Version 17
VisualStudioVersion = 17.7.34024.191
MinimumVisualStudioVersion = 10.0.40219.1
Project("{2150E333-8FDC-42A3-9474-1A3956D46DE8}") = "Task0", "Task0", "{B5814146-F052-452E-BD9F-B882CE9A394B}"
EndProject
Project("{FAE04EC0-301F-11D3-BF4B-00C04F79EFBC}") = "Tyuiu.SvitkovIA.Sprint5.Task0.V28", "Tyuiu.SvitkovIA.Sprint5.Task0.V28\Tyuiu.SvitkovIA.Sprint5.Task0.V28.csproj", "{E441DD5C-C19E-4D8A-B013-08AE052DBA11}"
EndProject
Project("{FAE04EC0-301F-11D3-BF4B-00C04F79EFBC}") = "Tyuiu.SvitkovIA.Sprint5.Task0.V28.Lib", "Tyuiu.SvitkovIA.Sprint5.Task0.V28.Lib\Tyuiu.SvitkovIA.Sprint5.Task0.V28.Lib.csproj", "{7F0D6813-6385-4CF9-8D15-6DC8585663F1}"
EndProject
Project("{FAE04EC0-301F-11D3-BF4B-00C04F79EFBC}") = "Tyuiu.SvitkovIA.Sprint5.Task0.V28.Test", "Tyuiu.SvitkovIA.Sprint5.Task0.V28.Test\Tyuiu.SvitkovIA.Sprint5.Task0.V28.Test.csproj", "{8A681E7C-BCB6-42BA-9141-10FD32F24308}"
EndProject
Project("{2150E333-8FDC-42A3-9474-1A3956D46DE8}") = "Task1", "Task1", "{3D2872E5-F05A-4BD8-957D-14E3BA0D78A5}"
EndProject
Project("{FAE04EC0-301F-11D3-BF4B-00C04F79EFBC}") = "Tyuiu.SvitkovIA.Sprint5.Task1.V19", "Tyuiu.SvitkovIA.Sprint5.Task1.V19\Tyuiu.SvitkovIA.Sprint5.Task1.V19.csproj", "{C4FEE8DD-B0D5-47C6-BC6F-DD7C31FD9558}"
EndProject
Project("{FAE04EC0-301F-11D3-BF4B-00C04F79EFBC}") = "Tyuiu.SvitkovIA.Sprint5.Task1.V19.Lib", "Tyuiu.SvitkovIA.Sprint5.Task1.V19.Lib\Tyuiu.SvitkovIA.Sprint5.Task1.V19.Lib.csproj", "{4F47D053-070E-4149-AC7F-E4C8BA3BDC8A}"
EndProject
Project("{FAE04EC0-301F-11D3-BF4B-00C04F79EFBC}") = "Tyuiu.SvitkovIA.Sprint5.Task1.V19.Test", "Tyuiu.SvitkovIA.Sprint5.Task1.V19.Test\Tyuiu.SvitkovIA.Sprint5.Task1.V19.Test.csproj", "{F7BF4A5E-D75D-4511-B99F-38FDE24EB21D}"
EndProject
Project("{2150E333-8FDC-42A3-9474-1A3956D46DE8}") = "Task2", "Task2", "{91AA07B3-F917-42C3-A281-193BBA82E08E}"
EndProject
Project("{FAE04EC0-301F-11D3-BF4B-00C04F79EFBC}") = "Tyuiu.SvitkovIA.Sprint5.Task2.V16", "Tyuiu.SvitkovIA.Sprint5.Task2.V16\Tyuiu.SvitkovIA.Sprint5.Task2.V16.csproj", "{4CE3F3A5-76CF-4F87-985E-4FC77853367A}"
EndProject
Project("{FAE04EC0-301F-11D3-BF4B-00C04F79EFBC}") = "Tyuiu.SvitkovIA.Sprint5.Task2.V16.Lib", "Tyuiu.SvitkovIA.Sprint5.Task2.V16.Lib\Tyuiu.SvitkovIA.Sprint5.Task2.V16.Lib.csproj", "{610D55DD-38EC-4AC4-9B5E-D67B6C0B533C}"
EndProject
Project("{FAE04EC0-301F-11D3-BF4B-00C04F79EFBC}") = "Tyuiu.SvitkovIA.Sprint5.Task2.V16.Test", "Tyuiu.SvitkovIA.Sprint5.Task2.V16.Test\Tyuiu.SvitkovIA.Sprint5.Task2.V16.Test.csproj", "{931AF000-2A2A-4360-90D7-69BD2E109AF0}"
EndProject
Global
	GlobalSection(SolutionConfigurationPlatforms) = preSolution
		Debug|Any CPU = Debug|Any CPU
		Release|Any CPU = Release|Any CPU
	EndGlobalSection
	GlobalSection(ProjectConfigurationPlatforms) = postSolution
		{E441DD5C-C19E-4D8A-B013-08AE052DBA11}.Debug|Any CPU.ActiveCfg = Debug|Any CPU
		{E441DD5C-C19E-4D8A-B013-08AE052DBA11}.Debug|Any CPU.Build.0 = Debug|Any CPU
		{E441DD5C-C19E-4D8A-B013-08AE052DBA11}.Release|Any CPU.ActiveCfg = Release|Any CPU
		{E441DD5C-C19E-4D8A-B013-08AE052DBA11}.Release|Any CPU.Build.0 = Release|Any CPU
		{7F0D6813-6385-4CF9-8D15-6DC8585663F1}.Debug|Any CPU.ActiveCfg = Debug|Any CPU
		{7F0D6813-6385-4CF9-8D15-6DC8585663F1}.Debug|Any CPU.Build.0 = Debug|Any CPU
		{7F0D6813-6385-4CF9-8D15-6DC8585663F1}.Release|Any CPU.ActiveCfg = Release|Any CPU
		{7F0D6813-6385-4CF9-8D15-6DC8585663F1}.Release|Any CPU.Build.0 = Release|Any CPU
		{8A681E7C-BCB6-42BA-9141-10FD32F24308}.Debug|Any CPU.ActiveCfg = Debug|Any CPU
		{8A681E7C-BCB6-42BA-9141-10FD32F24308}.Debug|Any CPU.Build.0 = Debug|Any CPU
		{8A681E7C-BCB6-42BA-9141-10FD32F24308}.Release|Any CPU.ActiveCfg = Release|Any CPU
		{8A681E7C-BCB6-42BA-9141-10FD32F24308}.Release|Any CPU.Build.0 = Release|Any CPU
		{C4FEE8DD-B0D5-47C6-BC6F-DD7C31FD9558}.Debug|Any CPU.ActiveCfg = Debug|Any CPU
		{C4FEE8DD-B0D5-47C6-BC6F-DD7C31FD9558}.Debug|Any CPU.Build.0 = Debug|Any CPU
		{C4FEE8DD-B0D5-47C6-BC6F-DD7C31FD9558}.Release|Any CPU.ActiveCfg = Release|Any CPU
		{C4FEE8DD-B0D5-47C6-BC6F-DD7C31FD9558}.Release|Any CPU.Build.0 = Release|Any CPU
		{4F47D053-070E-4149-AC7F-E4C8BA3BDC8A}.Debug|Any CPU.ActiveCfg = Debug|Any CPU
		{4F47D053-070E-4149-AC7F-E4C8BA3BDC8A}.Debug|Any CPU.Build.0 = Debug|Any CPU
		{4F47D053-070E-4149-AC7F-E4C8BA3BDC8A}.Release|Any CPU.ActiveCfg = Release|Any CPU
		{4F47D053-070E-4149-AC7F-E4C8BA3BDC8A}.Release|Any CPU.Build.0 = Release|Any CPU
		{F7BF4A5E-D75D-4511-B99F-38FDE24EB21D}.Debug|Any CPU.ActiveCfg = Debug|Any CPU
		{F7BF4A5E-D75D-4511-B99F-38FDE24EB21D}.Debug|Any CPU.Build.0 = Debug|Any CPU
		{F7BF4A5E-D75D-4511-B99F-38FDE24EB21D}.Release|Any CPU.ActiveCfg = Release|Any CPU
		{F7BF4A5E-D75D-4511-B99F-38FDE24EB21D}.Release|Any CPU.Build.0 = Release|Any CPU
		{4CE3F3A5-76CF-4F87-985E-4FC77853367A}.Debug|Any CPU.ActiveCfg = Debug|Any CPU
		{4CE3F3A5-76CF-4F87-985E-4FC77853367A}.Debug|Any CPU.Build.0 = Debug|Any CPU
		{4CE3F3A5-76CF-4F87-985E-4FC77853367A}.Release|Any CPU.ActiveCfg = Release|Any CPU
		{4CE3F3A5-76CF-4F87-985E-4FC77853367A}.Release|Any CPU.Build.0 = Release|Any CPU
		{610D55DD-38EC-4AC4-9B5E-D67B6C0B533C}.Debug|Any CPU.ActiveCfg = Debug|Any CPU
		{610D55DD-38EC-4AC4-9B5E-D67B6C0B533C}.Debug|Any CPU.Build.0 = Debug|Any CPU
		{610D55DD-38EC-4AC4-9B5E-D67B6C0B533C}.Release|Any CPU.ActiveCfg = Release|Any CPU
		{610D55DD-38EC-4AC4-9B5E-D67B6C0B533C}.Release|Any CPU.Build.0 = Release|Any CPU
		{931AF000-2A2A-4360-90D7-69BD2E109AF0}.Debug|Any CPU.ActiveCfg = Debug|Any CPU
		{931AF000-2A2A-4360-90D7-69BD2E109AF0}.Debug|Any CPU.Build.0 = Debug|Any CPU
		{931AF000-2A2A-4360-90D7-69BD2E109AF0}.Release|Any CPU.ActiveCfg = Release|Any CPU
		{931AF000-2A2A-4360-90D7-69BD2E109AF0}.Release|Any CPU.Build.0 = Release|Any CPU
	EndGlobalSection
	GlobalSection(SolutionProperties) = preSolution
		HideSolutionNode = FALSE
	EndGlobalSection
	GlobalSection(NestedProjects) = preSolution
		{E441DD5C-C19E-4D8A-B013-08AE052DBA11} = {B5814146-F052-452E-BD9F-B882CE9A394B}
		{7F0D6813-6385-4CF9-8D15-6DC8585663F1} = {B5814146-F052-452E-BD9F-B882CE9A394B}
		{8A681E7C-BCB6-42BA-9141-10FD32F24308} = {B5814146-F052-452E-BD9F-B882CE9A394B}
		{C4FEE8DD-B0D5-47C6-BC6F-DD7C31FD9558} = {3D2872E5-F05A-4BD8-957D-14E3BA0D78A5}
		{4F47D053-070E-4149-AC7F-E4C8BA3BDC8A} = {3D2872E5-F05A-4BD8-957D-14E3BA0D78A5}
		{F7BF4A5E-D75D-4511-B99F-38FDE24EB21D} = {3D2872E5-F05A-4BD8-957D-14E3BA0D78A5}
		{4CE3F3A5-76CF-4F87-985E-4FC77853367A} = {91AA07B3-F917-42C3-A281-193BBA82E08E}
		{610D55DD-38EC-4AC4-9B5E-D67B6C0B533C} = {91AA07B3-F917-42C3-A281-193BBA82E08E}
		{931AF000-2A2A-4360-90D7-69BD2E109AF0} = {91AA07B3-F917-42C3-A281-193BBA82E08E}
	EndGlobalSection
	GlobalSection(ExtensibilityGlobals) = postSolution
		SolutionGuid = {51E56BB7-6800-4142-A595-168D6203EC01}
	EndGlobalSection
EndGlobal
